{
  "name": "my_token",
  "version": "1.0.0",
  "lockfileVersion": 2,
  "requires": true,
  "packages": {
    "": {
      "version": "1.0.0",
      "license": "ISC",
      "dependencies": {
        "@openzeppelin/contracts": "^4.1.0",
        "@openzeppelin/contracts-upgradeable": "^4.1.0"
      },
      "devDependencies": {
        "openzeppelin-solidity": "^4.1.0"
      }
    },
    "node_modules/@openzeppelin/contracts": {
      "version": "4.1.0",
      "resolved": "https://registry.npmjs.org/@openzeppelin/contracts/-/contracts-4.1.0.tgz",
      "integrity": "sha512-TihZitscnaHNcZgXGj9zDLDyCqjziytB4tMCwXq0XimfWkAjBYyk5/pOsDbbwcavhlc79HhpTEpQcrMnPVa1mw=="
    },
    "node_modules/@openzeppelin/contracts-upgradeable": {
      "version": "4.1.0",
      "resolved": "https://registry.npmjs.org/@openzeppelin/contracts-upgradeable/-/contracts-upgradeable-4.1.0.tgz",
      "integrity": "sha512-QZSvbYqNpU/x60vARhq/jghh97VWjml3NAlKfu4u1XehvpEBbHVXJyKTBSZtZY7jviG305jOczEisnN8VeOMcw=="
    },
    "node_modules/openzeppelin-solidity": {
      "version": "4.1.0",
      "resolved": "https://registry.npmjs.org/openzeppelin-solidity/-/openzeppelin-solidity-4.1.0.tgz",
      "integrity": "sha512-eOTwAu5q909S+Lqi4QnTQClY8KLpdnpiddrrrCuDSDaOgohBbl4VMcJj325k67m2qyalqvHu/2Fj5qqj5V9oLw==",
      "dev": true,
      "bin": {
        "openzeppelin-contracts-migrate-imports": "scripts/migrate-imports.js"
      }
    }
  },
  "dependencies": {
    "@openzeppelin/contracts": {
      "version": "4.1.0",
      "resolved": "https://registry.npmjs.org/@openzeppelin/contracts/-/contracts-4.1.0.tgz",
      "integrity": "sha512-TihZitscnaHNcZgXGj9zDLDyCqjziytB4tMCwXq0XimfWkAjBYyk5/pOsDbbwcavhlc79HhpTEpQcrMnPVa1mw=="
    },
    "@openzeppelin/contracts-upgradeable": {
      "version": "4.1.0",
      "resolved": "https://registry.npmjs.org/@openzeppelin/contracts-upgradeable/-/contracts-upgradeable-4.1.0.tgz",
      "integrity": "sha512-QZSvbYqNpU/x60vARhq/jghh97VWjml3NAlKfu4u1XehvpEBbHVXJyKTBSZtZY7jviG305jOczEisnN8VeOMcw=="
    },
    "openzeppelin-solidity": {
      "version": "4.1.0",
      "resolved": "https://registry.npmjs.org/openzeppelin-solidity/-/openzeppelin-solidity-4.1.0.tgz",
      "integrity": "sha512-eOTwAu5q909S+Lqi4QnTQClY8KLpdnpiddrrrCuDSDaOgohBbl4VMcJj325k67m2qyalqvHu/2Fj5qqj5V9oLw==",
      "dev": true
    }
  }
}
